
Microsoft Visual Studio Solution File, Format Version 12.00
# Visual Studio Version 17
VisualStudioVersion = 17.4.33205.214
MinimumVisualStudioVersion = 10.0.40219.1
Project("{FAE04EC0-301F-11D3-BF4B-00C04F79EFBC}") = "TwitchHelperBot", "TwitchHelperBot\TwitchHelperBot.csproj", "{2ECF23E5-5D1F-4F41-A82C-1EA1EC4C0AB4}"
EndProject
Global
	GlobalSection(SolutionConfigurationPlatforms) = preSolution
		Debug|Any CPU = Debug|Any CPU
		Release|Any CPU = Release|Any CPU
	EndGlobalSection
	GlobalSection(ProjectConfigurationPlatforms) = postSolution
		{2ECF23E5-5D1F-4F41-A82C-1EA1EC4C0AB4}.Debug|Any CPU.ActiveCfg = Debug|Any CPU
		{2ECF23E5-5D1F-4F41-A82C-1EA1EC4C0AB4}.Debug|Any CPU.Build.0 = Debug|Any CPU
		{2ECF23E5-5D1F-4F41-A82C-1EA1EC4C0AB4}.Release|Any CPU.ActiveCfg = Release|Any CPU
		{2ECF23E5-5D1F-4F41-A82C-1EA1EC4C0AB4}.Release|Any CPU.Build.0 = Release|Any CPU
	EndGlobalSection
	GlobalSection(SolutionProperties) = preSolution
		HideSolutionNode = FALSE
	EndGlobalSection
	GlobalSection(ExtensibilityGlobals) = postSolution
		SolutionGuid = {ADE28799-9BBF-4CD0-8B0F-F88872876456}
	EndGlobalSection
EndGlobal
